// !$*UTF8*$!
{
	archiveVersion = 1;
	classes = {
	};
	objectVersion = 48;
	objects = {

/* Begin PBXBuildFile section */
		807EFE491EF25385001171FC /* AppDelegate.swift in Sources */ = {isa = PBXBuildFile; fileRef = 807EFE481EF25385001171FC /* AppDelegate.swift */; };
		807EFE4B1EF25385001171FC /* ViewController.swift in Sources */ = {isa = PBXBuildFile; fileRef = 807EFE4A1EF25385001171FC /* ViewController.swift */; };
		807EFE4E1EF25386001171FC /* Main.storyboard in Resources */ = {isa = PBXBuildFile; fileRef = 807EFE4C1EF25386001171FC /* Main.storyboard */; };
		807EFE501EF25386001171FC /* Assets.xcassets in Resources */ = {isa = PBXBuildFile; fileRef = 807EFE4F1EF25386001171FC /* Assets.xcassets */; };
		807EFE531EF25386001171FC /* LaunchScreen.storyboard in Resources */ = {isa = PBXBuildFile; fileRef = 807EFE511EF25386001171FC /* LaunchScreen.storyboard */; };
		80AFCDC41EF25CBD00027E64 /* Inceptionv3.mlmodel in Sources */ = {isa = PBXBuildFile; fileRef = 80AFCDC31EF25CBD00027E64 /* Inceptionv3.mlmodel */; };
/* End PBXBuildFile section */

/* Begin PBXFileReference section */
		807EFE451EF25385001171FC /* MTMachineLearningSample.app */ = {isa = PBXFileReference; explicitFileType = wrapper.application; includeInIndex = 0; path = MTMachineLearningSample.app; sourceTree = BUILT_PRODUCTS_DIR; };
		807EFE481EF25385001171FC /* AppDelegate.swift */ = {isa = PBXFileReference; lastKnownFileType = sourcecode.swift; path = AppDelegate.swift; sourceTree = "<group>"; };
		807EFE4A1EF25385001171FC /* ViewController.swift */ = {isa = PBXFileReference; lastKnownFileType = sourcecode.swift; path = ViewController.swift; sourceTree = "<group>"; };
		807EFE4D1EF25386001171FC /* Base */ = {isa = PBXFileReference; lastKnownFileType = file.storyboard; name = Base; path = Base.lproj/Main.storyboard; sourceTree = "<group>"; };
		807EFE4F1EF25386001171FC /* Assets.xcassets */ = {isa = PBXFileReference; lastKnownFileType = folder.assetcatalog; path = Assets.xcassets; sourceTree = "<group>"; };
		807EFE521EF25386001171FC /* Base */ = {isa = PBXFileReference; lastKnownFileType = file.storyboard; name = Base; path = Base.lproj/LaunchScreen.storyboard; sourceTree = "<group>"; };
		807EFE541EF25386001171FC /* Info.plist */ = {isa = PBXFileReference; lastKnownFileType = text.plist.xml; path = Info.plist; sourceTree = "<group>"; };
		80AFCDC31EF25CBD00027E64 /* Inceptionv3.mlmodel */ = {isa = PBXFileReference; lastKnownFileType = file.mlmodel; name = Inceptionv3.mlmodel; path = ../../../../Downloads/Inceptionv3.mlmodel; sourceTree = "<group>"; };
/* End PBXFileReference section */

/* Begin PBXFrameworksBuildPhase section */
		807EFE421EF25385001171FC /* Frameworks */ = {
			isa = PBXFrameworksBuildPhase;
			buildActionMask = 2147483647;
			files = (
			);
			runOnlyForDeploymentPostprocessing = 0;
		};
/* End PBXFrameworksBuildPhase section */

/* Begin PBXGroup section */
		807EFE3C1EF25385001171FC = {
			isa = PBXGroup;
			children = (
				807EFE471EF25385001171FC /* MTMachineLearningSample */,
				807EFE461EF25385001171FC /* Products */,
			);
			sourceTree = "<group>";
		};
		807EFE461EF25385001171FC /* Products */ = {
			isa = PBXGroup;
			children = (
				807EFE451EF25385001171FC /* MTMachineLearningSample.app */,
			);
			name = Products;
			sourceTree = "<group>";
		};
		807EFE471EF25385001171FC /* MTMachineLearningSample */ = {
			isa = PBXGroup;
			children = (
				80AFCDC31EF25CBD00027E64 /* Inceptionv3.mlmodel */,
				807EFE481EF25385001171FC /* AppDelegate.swift */,
				807EFE4A1EF25385001171FC /* ViewController.swift */,
				807EFE4C1EF25386001171FC /* Main.storyboard */,
				807EFE4F1EF25386001171FC /* Assets.xcassets */,
				807EFE511EF25386001171FC /* LaunchScreen.storyboard */,
				807EFE541EF25386001171FC /* Info.plist */,
			);
			path = MTMachineLearningSample;
			sourceTree = "<group>";
		};
/* End PBXGroup section */

/* Begin PBXNativeTarget section */
		807EFE441EF25385001171FC /* MTMachineLearningSample */ = {
			isa = PBXNativeTarget;
			buildConfigurationList = 807EFE571EF25386001171FC /* Build configuration list for PBXNativeTarget "MTMachineLearningSample" */;
			buildPhases = (
				807EFE411EF25385001171FC /* Sources */,
				807EFE421EF25385001171FC /* Frameworks */,
				807EFE431EF25385001171FC /* Resources */,
			);
			buildRules = (
			);
			dependencies = (
			);
			name = MTMachineLearningSample;
			productName = MTMachineLearningSample;
			productReference = 807EFE451EF25385001171FC /* MTMachineLearningSample.app */;
			productType = "com.apple.product-type.application";
		};
/* End PBXNativeTarget section */

/* Begin PBXProject section */
		807EFE3D1EF25385001171FC /* Project object */ = {
			isa = PBXProject;
			attributes = {
				LastSwiftUpdateCheck = 0900;
				LastUpgradeCheck = 0900;
				ORGANIZATIONNAME = "Mallow Technologies";
				TargetAttributes = {
					807EFE441EF25385001171FC = {
						CreatedOnToolsVersion = 9.0;
						ProvisioningStyle = Manual;
					};
				};
			};
			buildConfigurationList = 807EFE401EF25385001171FC /* Build configuration list for PBXProject "MTMachineLearningSample" */;
			compatibilityVersion = "Xcode 8.0";
			developmentRegion = en;
			hasScannedForEncodings = 0;
			knownRegions = (
				en,
				Base,
			);
			mainGroup = 807EFE3C1EF25385001171FC;
			productRefGroup = 807EFE461EF25385001171FC /* Products */;
			projectDirPath = "";
			projectRoot = "";
			targets = (
				807EFE441EF25385001171FC /* MTMachineLearningSample */,
			);
		};
/* End PBXProject section */

/* Begin PBXResourcesBuildPhase section */
		807EFE431EF25385001171FC /* Resources */ = {
			isa = PBXResourcesBuildPhase;
			buildActionMask = 2147483647;
			files = (
				807EFE531EF25386001171FC /* LaunchScreen.storyboard in Resources */,
				807EFE501EF25386001171FC /* Assets.xcassets in Resources */,
				807EFE4E1EF25386001171FC /* Main.storyboard in Resources */,
			);
			runOnlyForDeploymentPostprocessing = 0;
		};
/* End PBXResourcesBuildPhase section */

/* Begin PBXSourcesBuildPhase section */
		807EFE411EF25385001171FC /* Sources */ = {
			isa = PBXSourcesBuildPhase;
			buildActionMask = 2147483647;
			files = (
				807EFE4B1EF25385001171FC /* ViewController.swift in Sources */,
				80AFCDC41EF25CBD00027E64 /* Inceptionv3.mlmodel in Sources */,
				807EFE491EF25385001171FC /* AppDelegate.swift in Sources */,
			);
			runOnlyForDeploymentPostprocessing = 0;
		};
/* End PBXSourcesBuildPhase section */

/* Begin PBXVariantGroup section */
		807EFE4C1EF25386001171FC /* Main.storyboard */ = {
			isa = PBXVariantGroup;
			children = (
				807EFE4D1EF25386001171FC /* Base */,
			);
			name = Main.storyboard;
			sourceTree = "<group>";
		};
		807EFE511EF25386001171FC /* LaunchScreen.storyboard */ = {
			isa = PBXVariantGroup;
			children = (
				807EFE521EF25386001171FC /* Base */,
			);
			name = LaunchScreen.storyboard;
			sourceTree = "<group>";
		};
/* End PBXVariantGroup section */

/* Begin XCBuildConfiguration section */
		807EFE551EF25386001171FC /* Debug */ = {
			isa = XCBuildConfiguration;
			buildSettings = {
				ALWAYS_SEARCH_USER_PATHS = NO;
				CLANG_ANALYZER_NONNULL = YES;
				CLANG_ANALYZER_NUMBER_OBJECT_CONVERSION = YES_AGGRESSIVE;
				CLANG_CXX_LANGUAGE_STANDARD = "gnu++14";
				CLANG_CXX_LIBRARY = "libc++";
				CLANG_ENABLE_MODULES = YES;
				CLANG_ENABLE_OBJC_ARC = YES;
				CLANG_WARN_BLOCK_CAPTURE_AUTORELEASING = YES;
				CLANG_WARN_BOOL_CONVERSION = YES;
				CLANG_WARN_COMMA = YES;
				CLANG_WARN_CONSTANT_CONVERSION = YES;
				CLANG_WARN_DIRECT_OBJC_ISA_USAGE = YES_ERROR;
				CLANG_WARN_DOCUMENTATION_COMMENTS = YES;
				CLANG_WARN_EMPTY_BODY = YES;
				CLANG_WARN_ENUM_CONVERSION = YES;
				CLANG_WARN_INFINITE_RECURSION = YES;
				CLANG_WARN_INT_CONVERSION = YES;
				CLANG_WARN_OBJC_ROOT_CLASS = YES_ERROR;
				CLANG_WARN_RANGE_LOOP_ANALYSIS = YES;
				CLANG_WARN_STRICT_PROTOTYPES = YES;
				CLANG_WARN_SUSPICIOUS_MOVE = YES;
				CLANG_WARN_UNGUARDED_AVAILABILITY = YES_AGGRESSIVE;
				CLANG_WARN_UNREACHABLE_CODE = YES;
				CLANG_WARN__DUPLICATE_METHOD_MATCH = YES;
				CODE_SIGN_IDENTITY = "iPhone Developer";
				COPY_PHASE_STRIP = NO;
				DEBUG_INFORMATION_FORMAT = dwarf;
				ENABLE_STRICT_OBJC_MSGSEND = YES;
				ENABLE_TESTABILITY = YES;
				GCC_C_LANGUAGE_STANDARD = gnu11;
				GCC_DYNAMIC_NO_PIC = NO;
				GCC_NO_COMMON_BLOCKS = YES;
				GCC_OPTIMIZATION_LEVEL = 0;
				GCC_PREPROCESSOR_DEFINITIONS = (
					"DEBUG=1",
					"$(inherited)",
				);
				GCC_WARN_64_TO_32_BIT_CONVERSION = YES;
				GCC_WARN_ABOUT_RETURN_TYPE = YES_ERROR;
				GCC_WARN_UNDECLARED_SELECTOR = YES;
				GCC_WARN_UNINITIALIZED_AUTOS = YES_AGGRESSIVE;
				GCC_WARN_UNUSED_FUNCTION = YES;
				GCC_WARN_UNUSED_VARIABLE = YES;
				IPHONEOS_DEPLOYMENT_TARGET = 11.0;
				MTL_ENABLE_DEBUG_INFO = YES;
				ONLY_ACTIVE_ARCH = YES;
				SDKROOT = iphoneos;
				SWIFT_ACTIVE_COMPILATION_CONDITIONS = DEBUG;
				SWIFT_OPTIMIZATION_LEVEL = "-Onone";
			};
			name = Debug;
		};
		807EFE561EF25386001171FC /* Release */ = {
			isa = XCBuildConfiguration;
			buildSettings = {
				ALWAYS_SEARCH_USER_PATHS = NO;
				CLANG_ANALYZER_NONNULL = YES;
				CLANG_ANALYZER_NUMBER_OBJECT_CONVERSION = YES_AGGRESSIVE;
				CLANG_CXX_LANGUAGE_STANDARD = "gnu++14";
				CLANG_CXX_LIBRARY = "libc++";
				CLANG_ENABLE_MODULES = YES;
				CLANG_ENABLE_OBJC_ARC = YES;
				CLANG_WARN_BLOCK_CAPTURE_AUTORELEASING = YES;
				CLANG_WARN_BOOL_CONVERSION = YES;
				CLANG_WARN_COMMA = YES;
				CLANG_WARN_CONSTANT_CONVERSION = YES;
				CLANG_WARN_DIRECT_OBJC_ISA_USAGE = YES_ERROR;
				CLANG_WARN_DOCUMENTATION_COMMENTS = YES;
				CLANG_WARN_EMPTY_BODY = YES;
				CLANG_WARN_ENUM_CONVERSION = YES;
				CLANG_WARN_INFINITE_RECURSION = YES;
				CLANG_WARN_INT_CONVERSION = YES;
				CLANG_WARN_OBJC_ROOT_CLASS = YES_ERROR;
				CLANG_WARN_RANGE_LOOP_ANALYSIS = YES;
				CLANG_WARN_STRICT_PROTOTYPES = YES;
				CLANG_WARN_SUSPICIOUS_MOVE = YES;
				CLANG_WARN_UNGUARDED_AVAILABILITY = YES_AGGRESSIVE;
				CLANG_WARN_UNREACHABLE_CODE = YES;
				CLANG_WARN__DUPLICATE_METHOD_MATCH = YES;
				CODE_SIGN_IDENTITY = "iPhone Developer";
				COPY_PHASE_STRIP = NO;
				DEBUG_INFORMATION_FORMAT = "dwarf-with-dsym";
				ENABLE_NS_ASSERTIONS = NO;
				ENABLE_STRICT_OBJC_MSGSEND = YES;
				GCC_C_LANGUAGE_STANDARD = gnu11;
				GCC_NO_COMMON_BLOCKS = YES;
				GCC_WARN_64_TO_32_BIT_CONVERSION = YES;
				GCC_WARN_ABOUT_RETURN_TYPE = YES_ERROR;
				GCC_WARN_UNDECLARED_SELECTOR = YES;
				GCC_WARN_UNINITIALIZED_AUTOS = YES_AGGRESSIVE;
				GCC_WARN_UNUSED_FUNCTION = YES;
				GCC_WARN_UNUSED_VARIABLE = YES;
				IPHONEOS_DEPLOYMENT_TARGET = 11.0;
				MTL_ENABLE_DEBUG_INFO = NO;
				SDKROOT = iphoneos;
				SWIFT_OPTIMIZATION_LEVEL = "-Owholemodule";
				VALIDATE_PRODUCT = YES;
			};
			name = Release;
		};
		807EFE581EF25386001171FC /* Debug */ = {
			isa = XCBuildConfiguration;
			buildSettings = {
				ASSETCATALOG_COMPILER_APPICON_NAME = AppIcon;
				"CODE_SIGN_IDENTITY[sdk=iphoneos*]" = "iPhone Developer";
				CODE_SIGN_STYLE = Manual;
				DEVELOPMENT_TEAM = 3RHR7K3FP7;
				INFOPLIST_FILE = MTMachineLearningSample/Info.plist;
				LD_RUNPATH_SEARCH_PATHS = "$(inherited) @executable_path/Frameworks";
				PRODUCT_BUNDLE_IDENTIFIER = com.mallowtech.MTMachineLearningSample;
				PRODUCT_NAME = "$(TARGET_NAME)";
				PROVISIONING_PROFILE = "7249c520-a842-40da-9cbc-2bce801542e6";
				PROVISIONING_PROFILE_SPECIFIER = "MallowTech Development Apps Profile";
				SWIFT_VERSION = 4.0;
				TARGETED_DEVICE_FAMILY = "1,2";
			};
			name = Debug;
		};
		807EFE591EF25386001171FC /* Release */ = {
			isa = XCBuildConfiguration;
			buildSettings = {
				ASSETCATALOG_COMPILER_APPICON_NAME = AppIcon;
				"CODE_SIGN_IDENTITY[sdk=iphoneos*]" = "iPhone Distribution";
				CODE_SIGN_STYLE = Manual;
				DEVELOPMENT_TEAM = 3RHR7K3FP7;
				INFOPLIST_FILE = MTMachineLearningSample/Info.plist;
				LD_RUNPATH_SEARCH_PATHS = "$(inherited) @executable_path/Frameworks";
				PRODUCT_BUNDLE_IDENTIFIER = com.mallowtech.MTMachineLearningSample;
				PRODUCT_NAME = "$(TARGET_NAME)";
				PROVISIONING_PROFILE = "822f24ce-a2c1-46c5-bc25-c285533a9dd3";
				PROVISIONING_PROFILE_SPECIFIER = "MallowTech AdHoc Distribution Profile";
				SWIFT_VERSION = 4.0;
				TARGETED_DEVICE_FAMILY = "1,2";
			};
			name = Release;
		};
/* End XCBuildConfiguration section */

/* Begin XCConfigurationList section */
		807EFE401EF25385001171FC /* Build configuration list for PBXProject "MTMachineLearningSample" */ = {
			isa = XCConfigurationList;
			buildConfigurations = (
				807EFE551EF25386001171FC /* Debug */,
				807EFE561EF25386001171FC /* Release */,
			);
			defaultConfigurationIsVisible = 0;
			defaultConfigurationName = Release;
		};
		807EFE571EF25386001171FC /* Build configuration list for PBXNativeTarget "MTMachineLearningSample" */ = {
			isa = XCConfigurationList;
			buildConfigurations = (
				807EFE581EF25386001171FC /* Debug */,
				807EFE591EF25386001171FC /* Release */,
			);
			defaultConfigurationIsVisible = 0;
			defaultConfigurationName = Release;
		};
/* End XCConfigurationList section */
	};
	rootObject = 807EFE3D1EF25385001171FC /* Project object */;
}
